// !$*UTF8*$!
{
	archiveVersion = 1;
	classes = {
	};
	objectVersion = 55;
	objects = {

/* Begin PBXBuildFile section */
		EC4F7074289EB1B0009FE2C4 /* AppDelegate.swift in Sources */ = {isa = PBXBuildFile; fileRef = EC4F7073289EB1B0009FE2C4 /* AppDelegate.swift */; };
		EC4F7076289EB1B0009FE2C4 /* SceneDelegate.swift in Sources */ = {isa = PBXBuildFile; fileRef = EC4F7075289EB1B0009FE2C4 /* SceneDelegate.swift */; };
		EC4F7078289EB1B0009FE2C4 /* ViewController.swift in Sources */ = {isa = PBXBuildFile; fileRef = EC4F7077289EB1B0009FE2C4 /* ViewController.swift */; };
		EC4F707B289EB1B0009FE2C4 /* Main.storyboard in Resources */ = {isa = PBXBuildFile; fileRef = EC4F7079289EB1B0009FE2C4 /* Main.storyboard */; };
		EC4F707D289EB1B1009FE2C4 /* Assets.xcassets in Resources */ = {isa = PBXBuildFile; fileRef = EC4F707C289EB1B1009FE2C4 /* Assets.xcassets */; };
		EC4F7080289EB1B1009FE2C4 /* LaunchScreen.storyboard in Resources */ = {isa = PBXBuildFile; fileRef = EC4F707E289EB1B1009FE2C4 /* LaunchScreen.storyboard */; };
		EC4F7088289EB3A1009FE2C4 /* weather.jpeg in Resources */ = {isa = PBXBuildFile; fileRef = EC4F7087289EB3A1009FE2C4 /* weather.jpeg */; };
		EC4F708D289EF9BE009FE2C4 /* DetailsViewController.swift in Sources */ = {isa = PBXBuildFile; fileRef = EC4F708C289EF9BE009FE2C4 /* DetailsViewController.swift */; };
		EC4F7090289F2BD9009FE2C4 /* background3.jpeg in Resources */ = {isa = PBXBuildFile; fileRef = EC4F708F289F2BD9009FE2C4 /* background3.jpeg */; };
		EC4F7093289FA375009FE2C4 /* Assets.xcassets in Resources */ = {isa = PBXBuildFile; fileRef = EC4F7092289FA375009FE2C4 /* Assets.xcassets */; };
/* End PBXBuildFile section */

/* Begin PBXFileReference section */
		EC4F7070289EB1B0009FE2C4 /* WeatherApp.app */ = {isa = PBXFileReference; explicitFileType = wrapper.application; includeInIndex = 0; path = WeatherApp.app; sourceTree = BUILT_PRODUCTS_DIR; };
		EC4F7073289EB1B0009FE2C4 /* AppDelegate.swift */ = {isa = PBXFileReference; lastKnownFileType = sourcecode.swift; path = AppDelegate.swift; sourceTree = "<group>"; };
		EC4F7075289EB1B0009FE2C4 /* SceneDelegate.swift */ = {isa = PBXFileReference; lastKnownFileType = sourcecode.swift; path = SceneDelegate.swift; sourceTree = "<group>"; };
		EC4F7077289EB1B0009FE2C4 /* ViewController.swift */ = {isa = PBXFileReference; lastKnownFileType = sourcecode.swift; path = ViewController.swift; sourceTree = "<group>"; };
		EC4F707A289EB1B0009FE2C4 /* Base */ = {isa = PBXFileReference; lastKnownFileType = file.storyboard; name = Base; path = Base.lproj/Main.storyboard; sourceTree = "<group>"; };
		EC4F707C289EB1B1009FE2C4 /* Assets.xcassets */ = {isa = PBXFileReference; lastKnownFileType = folder.assetcatalog; path = Assets.xcassets; sourceTree = "<group>"; };
		EC4F707F289EB1B1009FE2C4 /* Base */ = {isa = PBXFileReference; lastKnownFileType = file.storyboard; name = Base; path = Base.lproj/LaunchScreen.storyboard; sourceTree = "<group>"; };
		EC4F7081289EB1B1009FE2C4 /* Info.plist */ = {isa = PBXFileReference; lastKnownFileType = text.plist.xml; path = Info.plist; sourceTree = "<group>"; };
		EC4F7087289EB3A1009FE2C4 /* weather.jpeg */ = {isa = PBXFileReference; lastKnownFileType = image.jpeg; path = weather.jpeg; sourceTree = "<group>"; };
		EC4F708C289EF9BE009FE2C4 /* DetailsViewController.swift */ = {isa = PBXFileReference; lastKnownFileType = sourcecode.swift; path = DetailsViewController.swift; sourceTree = "<group>"; };
		EC4F708F289F2BD9009FE2C4 /* background3.jpeg */ = {isa = PBXFileReference; lastKnownFileType = image.jpeg; name = background3.jpeg; path = "../../../../appler için materyeller/background3.jpeg"; sourceTree = "<group>"; };
		EC4F7092289FA375009FE2C4 /* Assets.xcassets */ = {isa = PBXFileReference; lastKnownFileType = folder.assetcatalog; name = Assets.xcassets; path = ../../../../AppIcons/Assets.xcassets; sourceTree = "<group>"; };
/* End PBXFileReference section */

/* Begin PBXFrameworksBuildPhase section */
		EC4F706D289EB1B0009FE2C4 /* Frameworks */ = {
			isa = PBXFrameworksBuildPhase;
			buildActionMask = 2147483647;
			files = (
			);
			runOnlyForDeploymentPostprocessing = 0;
		};
/* End PBXFrameworksBuildPhase section */

/* Begin PBXGroup section */
		EC4F7067289EB1B0009FE2C4 = {
			isa = PBXGroup;
			children = (
				EC4F7072289EB1B0009FE2C4 /* WeatherApp */,
				EC4F7071289EB1B0009FE2C4 /* Products */,
			);
			sourceTree = "<group>";
		};
		EC4F7071289EB1B0009FE2C4 /* Products */ = {
			isa = PBXGroup;
			children = (
				EC4F7070289EB1B0009FE2C4 /* WeatherApp.app */,
			);
			name = Products;
			sourceTree = "<group>";
		};
		EC4F7072289EB1B0009FE2C4 /* WeatherApp */ = {
			isa = PBXGroup;
			children = (
				EC4F708E289EF9E2009FE2C4 /* View */,
				EC4F708B289EF97B009FE2C4 /* Resources */,
				EC4F708A289EF82D009FE2C4 /* Support */,
				EC4F7089289EF810009FE2C4 /* App */,
				EC4F7091289FA34F009FE2C4 /* iconApp */,
			);
			path = WeatherApp;
			sourceTree = "<group>";
		};
		EC4F7089289EF810009FE2C4 /* App */ = {
			isa = PBXGroup;
			children = (
				EC4F708F289F2BD9009FE2C4 /* background3.jpeg */,
				EC4F7075289EB1B0009FE2C4 /* SceneDelegate.swift */,
				EC4F7073289EB1B0009FE2C4 /* AppDelegate.swift */,
			);
			path = App;
			sourceTree = "<group>";
		};
		EC4F708A289EF82D009FE2C4 /* Support */ = {
			isa = PBXGroup;
			children = (
				EC4F7081289EB1B1009FE2C4 /* Info.plist */,
			);
			path = Support;
			sourceTree = "<group>";
		};
		EC4F708B289EF97B009FE2C4 /* Resources */ = {
			isa = PBXGroup;
			children = (
				EC4F7087289EB3A1009FE2C4 /* weather.jpeg */,
				EC4F707C289EB1B1009FE2C4 /* Assets.xcassets */,
				EC4F707E289EB1B1009FE2C4 /* LaunchScreen.storyboard */,
			);
			path = Resources;
			sourceTree = "<group>";
		};
		EC4F708E289EF9E2009FE2C4 /* View */ = {
			isa = PBXGroup;
			children = (
				EC4F7077289EB1B0009FE2C4 /* ViewController.swift */,
				EC4F708C289EF9BE009FE2C4 /* DetailsViewController.swift */,
				EC4F7079289EB1B0009FE2C4 /* Main.storyboard */,
			);
			path = View;
			sourceTree = "<group>";
		};
		EC4F7091289FA34F009FE2C4 /* iconApp */ = {
			isa = PBXGroup;
			children = (
				EC4F7092289FA375009FE2C4 /* Assets.xcassets */,
			);
			path = iconApp;
			sourceTree = "<group>";
		};
/* End PBXGroup section */

/* Begin PBXNativeTarget section */
		EC4F706F289EB1B0009FE2C4 /* WeatherApp */ = {
			isa = PBXNativeTarget;
			buildConfigurationList = EC4F7084289EB1B1009FE2C4 /* Build configuration list for PBXNativeTarget "WeatherApp" */;
			buildPhases = (
				EC4F706C289EB1B0009FE2C4 /* Sources */,
				EC4F706D289EB1B0009FE2C4 /* Frameworks */,
				EC4F706E289EB1B0009FE2C4 /* Resources */,
			);
			buildRules = (
			);
			dependencies = (
			);
			name = WeatherApp;
			productName = WeatherApp;
			productReference = EC4F7070289EB1B0009FE2C4 /* WeatherApp.app */;
			productType = "com.apple.product-type.application";
		};
/* End PBXNativeTarget section */

/* Begin PBXProject section */
		EC4F7068289EB1B0009FE2C4 /* Project object */ = {
			isa = PBXProject;
			attributes = {
				BuildIndependentTargetsInParallel = 1;
				LastSwiftUpdateCheck = 1320;
				LastUpgradeCheck = 1320;
				TargetAttributes = {
					EC4F706F289EB1B0009FE2C4 = {
						CreatedOnToolsVersion = 13.2.1;
					};
				};
			};
			buildConfigurationList = EC4F706B289EB1B0009FE2C4 /* Build configuration list for PBXProject "WeatherApp" */;
			compatibilityVersion = "Xcode 13.0";
			developmentRegion = en;
			hasScannedForEncodings = 0;
			knownRegions = (
				en,
				Base,
			);
			mainGroup = EC4F7067289EB1B0009FE2C4;
			productRefGroup = EC4F7071289EB1B0009FE2C4 /* Products */;
			projectDirPath = "";
			projectRoot = "";
			targets = (
				EC4F706F289EB1B0009FE2C4 /* WeatherApp */,
			);
		};
/* End PBXProject section */

/* Begin PBXResourcesBuildPhase section */
		EC4F706E289EB1B0009FE2C4 /* Resources */ = {
			isa = PBXResourcesBuildPhase;
			buildActionMask = 2147483647;
			files = (
				EC4F7088289EB3A1009FE2C4 /* weather.jpeg in Resources */,
				EC4F7080289EB1B1009FE2C4 /* LaunchScreen.storyboard in Resources */,
				EC4F7090289F2BD9009FE2C4 /* background3.jpeg in Resources */,
				EC4F707D289EB1B1009FE2C4 /* Assets.xcassets in Resources */,
				EC4F7093289FA375009FE2C4 /* Assets.xcassets in Resources */,
				EC4F707B289EB1B0009FE2C4 /* Main.storyboard in Resources */,
			);
			runOnlyForDeploymentPostprocessing = 0;
		};
/* End PBXResourcesBuildPhase section */

/* Begin PBXSourcesBuildPhase section */
		EC4F706C289EB1B0009FE2C4 /* Sources */ = {
			isa = PBXSourcesBuildPhase;
			buildActionMask = 2147483647;
			files = (
				EC4F7078289EB1B0009FE2C4 /* ViewController.swift in Sources */,
				EC4F7074289EB1B0009FE2C4 /* AppDelegate.swift in Sources */,
				EC4F7076289EB1B0009FE2C4 /* SceneDelegate.swift in Sources */,
				EC4F708D289EF9BE009FE2C4 /* DetailsViewController.swift in Sources */,
			);
			runOnlyForDeploymentPostprocessing = 0;
		};
/* End PBXSourcesBuildPhase section */

/* Begin PBXVariantGroup section */
		EC4F7079289EB1B0009FE2C4 /* Main.storyboard */ = {
			isa = PBXVariantGroup;
			children = (
				EC4F707A289EB1B0009FE2C4 /* Base */,
			);
			name = Main.storyboard;
			sourceTree = "<group>";
		};
		EC4F707E289EB1B1009FE2C4 /* LaunchScreen.storyboard */ = {
			isa = PBXVariantGroup;
			children = (
				EC4F707F289EB1B1009FE2C4 /* Base */,
			);
			name = LaunchScreen.storyboard;
			sourceTree = "<group>";
		};
/* End PBXVariantGroup section */

/* Begin XCBuildConfiguration section */
		EC4F7082289EB1B1009FE2C4 /* Debug */ = {
			isa = XCBuildConfiguration;
			buildSettings = {
				ALWAYS_SEARCH_USER_PATHS = NO;
				CLANG_ANALYZER_NONNULL = YES;
				CLANG_ANALYZER_NUMBER_OBJECT_CONVERSION = YES_AGGRESSIVE;
				CLANG_CXX_LANGUAGE_STANDARD = "gnu++17";
				CLANG_CXX_LIBRARY = "libc++";
				CLANG_ENABLE_MODULES = YES;
				CLANG_ENABLE_OBJC_ARC = YES;
				CLANG_ENABLE_OBJC_WEAK = YES;
				CLANG_WARN_BLOCK_CAPTURE_AUTORELEASING = YES;
				CLANG_WARN_BOOL_CONVERSION = YES;
				CLANG_WARN_COMMA = YES;
				CLANG_WARN_CONSTANT_CONVERSION = YES;
				CLANG_WARN_DEPRECATED_OBJC_IMPLEMENTATIONS = YES;
				CLANG_WARN_DIRECT_OBJC_ISA_USAGE = YES_ERROR;
				CLANG_WARN_DOCUMENTATION_COMMENTS = YES;
				CLANG_WARN_EMPTY_BODY = YES;
				CLANG_WARN_ENUM_CONVERSION = YES;
				CLANG_WARN_INFINITE_RECURSION = YES;
				CLANG_WARN_INT_CONVERSION = YES;
				CLANG_WARN_NON_LITERAL_NULL_CONVERSION = YES;
				CLANG_WARN_OBJC_IMPLICIT_RETAIN_SELF = YES;
				CLANG_WARN_OBJC_LITERAL_CONVERSION = YES;
				CLANG_WARN_OBJC_ROOT_CLASS = YES_ERROR;
				CLANG_WARN_QUOTED_INCLUDE_IN_FRAMEWORK_HEADER = YES;
				CLANG_WARN_RANGE_LOOP_ANALYSIS = YES;
				CLANG_WARN_STRICT_PROTOTYPES = YES;
				CLANG_WARN_SUSPICIOUS_MOVE = YES;
				CLANG_WARN_UNGUARDED_AVAILABILITY = YES_AGGRESSIVE;
				CLANG_WARN_UNREACHABLE_CODE = YES;
				CLANG_WARN__DUPLICATE_METHOD_MATCH = YES;
				COPY_PHASE_STRIP = NO;
				DEBUG_INFORMATION_FORMAT = dwarf;
				ENABLE_STRICT_OBJC_MSGSEND = YES;
				ENABLE_TESTABILITY = YES;
				GCC_C_LANGUAGE_STANDARD = gnu11;
				GCC_DYNAMIC_NO_PIC = NO;
				GCC_NO_COMMON_BLOCKS = YES;
				GCC_OPTIMIZATION_LEVEL = 0;
				GCC_PREPROCESSOR_DEFINITIONS = (
					"DEBUG=1",
					"$(inherited)",
				);
				GCC_WARN_64_TO_32_BIT_CONVERSION = YES;
				GCC_WARN_ABOUT_RETURN_TYPE = YES_ERROR;
				GCC_WARN_UNDECLARED_SELECTOR = YES;
				GCC_WARN_UNINITIALIZED_AUTOS = YES_AGGRESSIVE;
				GCC_WARN_UNUSED_FUNCTION = YES;
				GCC_WARN_UNUSED_VARIABLE = YES;
				IPHONEOS_DEPLOYMENT_TARGET = 15.2;
				MTL_ENABLE_DEBUG_INFO = INCLUDE_SOURCE;
				MTL_FAST_MATH = YES;
				ONLY_ACTIVE_ARCH = YES;
				SDKROOT = iphoneos;
				SWIFT_ACTIVE_COMPILATION_CONDITIONS = DEBUG;
				SWIFT_OPTIMIZATION_LEVEL = "-Onone";
			};
			name = Debug;
		};
		EC4F7083289EB1B1009FE2C4 /* Release */ = {
			isa = XCBuildConfiguration;
			buildSettings = {
				ALWAYS_SEARCH_USER_PATHS = NO;
				CLANG_ANALYZER_NONNULL = YES;
				CLANG_ANALYZER_NUMBER_OBJECT_CONVERSION = YES_AGGRESSIVE;
				CLANG_CXX_LANGUAGE_STANDARD = "gnu++17";
				CLANG_CXX_LIBRARY = "libc++";
				CLANG_ENABLE_MODULES = YES;
				CLANG_ENABLE_OBJC_ARC = YES;
				CLANG_ENABLE_OBJC_WEAK = YES;
				CLANG_WARN_BLOCK_CAPTURE_AUTORELEASING = YES;
				CLANG_WARN_BOOL_CONVERSION = YES;
				CLANG_WARN_COMMA = YES;
				CLANG_WARN_CONSTANT_CONVERSION = YES;
				CLANG_WARN_DEPRECATED_OBJC_IMPLEMENTATIONS = YES;
				CLANG_WARN_DIRECT_OBJC_ISA_USAGE = YES_ERROR;
				CLANG_WARN_DOCUMENTATION_COMMENTS = YES;
				CLANG_WARN_EMPTY_BODY = YES;
				CLANG_WARN_ENUM_CONVERSION = YES;
				CLANG_WARN_INFINITE_RECURSION = YES;
				CLANG_WARN_INT_CONVERSION = YES;
				CLANG_WARN_NON_LITERAL_NULL_CONVERSION = YES;
				CLANG_WARN_OBJC_IMPLICIT_RETAIN_SELF = YES;
				CLANG_WARN_OBJC_LITERAL_CONVERSION = YES;
				CLANG_WARN_OBJC_ROOT_CLASS = YES_ERROR;
				CLANG_WARN_QUOTED_INCLUDE_IN_FRAMEWORK_HEADER = YES;
				CLANG_WARN_RANGE_LOOP_ANALYSIS = YES;
				CLANG_WARN_STRICT_PROTOTYPES = YES;
				CLANG_WARN_SUSPICIOUS_MOVE = YES;
				CLANG_WARN_UNGUARDED_AVAILABILITY = YES_AGGRESSIVE;
				CLANG_WARN_UNREACHABLE_CODE = YES;
				CLANG_WARN__DUPLICATE_METHOD_MATCH = YES;
				COPY_PHASE_STRIP = NO;
				DEBUG_INFORMATION_FORMAT = "dwarf-with-dsym";
				ENABLE_NS_ASSERTIONS = NO;
				ENABLE_STRICT_OBJC_MSGSEND = YES;
				GCC_C_LANGUAGE_STANDARD = gnu11;
				GCC_NO_COMMON_BLOCKS = YES;
				GCC_WARN_64_TO_32_BIT_CONVERSION = YES;
				GCC_WARN_ABOUT_RETURN_TYPE = YES_ERROR;
				GCC_WARN_UNDECLARED_SELECTOR = YES;
				GCC_WARN_UNINITIALIZED_AUTOS = YES_AGGRESSIVE;
				GCC_WARN_UNUSED_FUNCTION = YES;
				GCC_WARN_UNUSED_VARIABLE = YES;
				IPHONEOS_DEPLOYMENT_TARGET = 15.2;
				MTL_ENABLE_DEBUG_INFO = NO;
				MTL_FAST_MATH = YES;
				SDKROOT = iphoneos;
				SWIFT_COMPILATION_MODE = wholemodule;
				SWIFT_OPTIMIZATION_LEVEL = "-O";
				VALIDATE_PRODUCT = YES;
			};
			name = Release;
		};
		EC4F7085289EB1B1009FE2C4 /* Debug */ = {
			isa = XCBuildConfiguration;
			buildSettings = {
				ASSETCATALOG_COMPILER_APPICON_NAME = AppIcon;
				ASSETCATALOG_COMPILER_GLOBAL_ACCENT_COLOR_NAME = AccentColor;
				CODE_SIGN_STYLE = Automatic;
				CURRENT_PROJECT_VERSION = 1;
				DEVELOPMENT_TEAM = 3KRQW7JR73;
				GENERATE_INFOPLIST_FILE = YES;
				INFOPLIST_FILE = WeatherApp/Support/Info.plist;
				INFOPLIST_KEY_UIApplicationSupportsIndirectInputEvents = YES;
				INFOPLIST_KEY_UILaunchStoryboardName = LaunchScreen;
				INFOPLIST_KEY_UIMainStoryboardFile = Main;
				INFOPLIST_KEY_UISupportedInterfaceOrientations_iPad = "UIInterfaceOrientationPortrait UIInterfaceOrientationPortraitUpsideDown UIInterfaceOrientationLandscapeLeft UIInterfaceOrientationLandscapeRight";
				INFOPLIST_KEY_UISupportedInterfaceOrientations_iPhone = "UIInterfaceOrientationPortrait UIInterfaceOrientationLandscapeLeft UIInterfaceOrientationLandscapeRight";
				LD_RUNPATH_SEARCH_PATHS = (
					"$(inherited)",
					"@executable_path/Frameworks",
				);
				MARKETING_VERSION = 1.0;
				PRODUCT_BUNDLE_IDENTIFIER = enes.WeatherApp;
				PRODUCT_NAME = "$(TARGET_NAME)";
				SWIFT_EMIT_LOC_STRINGS = YES;
				SWIFT_VERSION = 5.0;
				TARGETED_DEVICE_FAMILY = 1;
			};
			name = Debug;
		};
		EC4F7086289EB1B1009FE2C4 /* Release */ = {
			isa = XCBuildConfiguration;
			buildSettings = {
				ASSETCATALOG_COMPILER_APPICON_NAME = AppIcon;
				ASSETCATALOG_COMPILER_GLOBAL_ACCENT_COLOR_NAME = AccentColor;
				CODE_SIGN_STYLE = Automatic;
				CURRENT_PROJECT_VERSION = 1;
				DEVELOPMENT_TEAM = 3KRQW7JR73;
				GENERATE_INFOPLIST_FILE = YES;
				INFOPLIST_FILE = WeatherApp/Support/Info.plist;
				INFOPLIST_KEY_UIApplicationSupportsIndirectInputEvents = YES;
				INFOPLIST_KEY_UILaunchStoryboardName = LaunchScreen;
				INFOPLIST_KEY_UIMainStoryboardFile = Main;
				INFOPLIST_KEY_UISupportedInterfaceOrientations_iPad = "UIInterfaceOrientationPortrait UIInterfaceOrientationPortraitUpsideDown UIInterfaceOrientationLandscapeLeft UIInterfaceOrientationLandscapeRight";
				INFOPLIST_KEY_UISupportedInterfaceOrientations_iPhone = "UIInterfaceOrientationPortrait UIInterfaceOrientationLandscapeLeft UIInterfaceOrientationLandscapeRight";
				LD_RUNPATH_SEARCH_PATHS = (
					"$(inherited)",
					"@executable_path/Frameworks",
				);
				MARKETING_VERSION = 1.0;
				PRODUCT_BUNDLE_IDENTIFIER = enes.WeatherApp;
				PRODUCT_NAME = "$(TARGET_NAME)";
				SWIFT_EMIT_LOC_STRINGS = YES;
				SWIFT_VERSION = 5.0;
				TARGETED_DEVICE_FAMILY = 1;
			};
			name = Release;
		};
/* End XCBuildConfiguration section */

/* Begin XCConfigurationList section */
		EC4F706B289EB1B0009FE2C4 /* Build configuration list for PBXProject "WeatherApp" */ = {
			isa = XCConfigurationList;
			buildConfigurations = (
				EC4F7082289EB1B1009FE2C4 /* Debug */,
				EC4F7083289EB1B1009FE2C4 /* Release */,
			);
			defaultConfigurationIsVisible = 0;
			defaultConfigurationName = Release;
		};
		EC4F7084289EB1B1009FE2C4 /* Build configuration list for PBXNativeTarget "WeatherApp" */ = {
			isa = XCConfigurationList;
			buildConfigurations = (
				EC4F7085289EB1B1009FE2C4 /* Debug */,
				EC4F7086289EB1B1009FE2C4 /* Release */,
			);
			defaultConfigurationIsVisible = 0;
			defaultConfigurationName = Release;
		};
/* End XCConfigurationList section */
	};
	rootObject = EC4F7068289EB1B0009FE2C4 /* Project object */;
}
